
Microsoft Visual Studio Solution File, Format Version 12.00
# Visual Studio Version 16
VisualStudioVersion = 16.0.32630.194
MinimumVisualStudioVersion = 10.0.40219.1
Project("{8BC9CEB8-8B4A-11D0-8D11-00A0C91BC942}") = "CH11", "CH11.vcxproj", "{DCD173EC-516B-4F77-BB4E-AE99BCA2F2D6}"
EndProject
Global
	GlobalSection(SolutionConfigurationPlatforms) = preSolution
		Debug|x64 = Debug|x64
		Debug|x86 = Debug|x86
		Release|x64 = Release|x64
		Release|x86 = Release|x86
	EndGlobalSection
	GlobalSection(ProjectConfigurationPlatforms) = postSolution
		{DCD173EC-516B-4F77-BB4E-AE99BCA2F2D6}.Debug|x64.ActiveCfg = Debug|x64
		{DCD173EC-516B-4F77-BB4E-AE99BCA2F2D6}.Debug|x64.Build.0 = Debug|x64
		{DCD173EC-516B-4F77-BB4E-AE99BCA2F2D6}.Debug|x86.ActiveCfg = Debug|Win32
		{DCD173EC-516B-4F77-BB4E-AE99BCA2F2D6}.Debug|x86.Build.0 = Debug|Win32
		{DCD173EC-516B-4F77-BB4E-AE99BCA2F2D6}.Release|x64.ActiveCfg = Release|x64
		{DCD173EC-516B-4F77-BB4E-AE99BCA2F2D6}.Release|x64.Build.0 = Release|x64
		{DCD173EC-516B-4F77-BB4E-AE99BCA2F2D6}.Release|x86.ActiveCfg = Release|Win32
		{DCD173EC-516B-4F77-BB4E-AE99BCA2F2D6}.Release|x86.Build.0 = Release|Win32
	EndGlobalSection
	GlobalSection(SolutionProperties) = preSolution
		HideSolutionNode = FALSE
	EndGlobalSection
	GlobalSection(ExtensibilityGlobals) = postSolution
		SolutionGuid = {9C57BE77-3D5A-4B57-9112-617114C7F073}
	EndGlobalSection
EndGlobal
